<?xml version="1.0" encoding="utf-8"?>
<Project ToolsVersion="4.0" xmlns="http://schemas.microsoft.com/developer/msbuild/2003">
  <ItemGroup>
    <Filter Include="Source Files">
      <UniqueIdentifier>{4FC737F1-C7A5-4376-A066-2A32D752A2FF}</UniqueIdentifier>
      <Extensions>cpp;c;cc;cxx;def;odl;idl;hpj;bat;asm;asmx</Extensions>
    </Filter>
    <Filter Include="Header Files">
      <UniqueIdentifier>{93995380-89BD-4b04-88EB-625FBE52EBFB}</UniqueIdentifier>
      <Extensions>h;hh;hpp;hxx;hm;inl;inc;xsd</Extensions>
    </Filter>
    <Filter Include="Resource Files">
      <UniqueIdentifier>{67DA6AB6-F800-4c08-8B7A-83BB121AAD01}</UniqueIdentifier>
      <Extensions>rc;ico;cur;bmp;dlg;rc2;rct;bin;rgs;gif;jpg;jpeg;jpe;resx;tiff;tif;png;wav;mfcribbon-ms</Extensions>
    </Filter>
    <Filter Include="Stubs">
      <UniqueIdentifier>{8BC9CEB8-8B4A-11D0-8D11-00A0C91BC942}</UniqueIdentifier>
    </Filter>
  </ItemGroup>
  <ItemGroup>
    <ClCompile Include="armor.cpp">
      <Filter>Source Files</Filter>
    </ClCompile>
    <ClCompile Include="chase.cpp">
      <Filter>Source Files</Filter>
    </ClCompile>
    <ClCompile Include="command.cpp">
      <Filter>Source Files</Filter>
    </ClCompile>
    <ClCompile Include="daemon.cpp">
      <Filter>Source Files</Filter>
    </ClCompile>
    <ClCompile Include="daemons.cpp">
      <Filter>Source Files</Filter>
    </ClCompile>
    <ClCompile Include="extern.cpp">
      <Filter>Source Files</Filter>
    </ClCompile>
    <ClCompile Include="fight.cpp">
      <Filter>Source Files</Filter>
    </ClCompile>
    <ClCompile Include="init.cpp">
      <Filter>Source Files</Filter>
    </ClCompile>
    <ClCompile Include="io.cpp">
      <Filter>Source Files</Filter>
    </ClCompile>
    <ClCompile Include="list.cpp">
      <Filter>Source Files</Filter>
    </ClCompile>
    <ClCompile Include="mach_dep.cpp">
      <Filter>Source Files</Filter>
    </ClCompile>
    <ClCompile Include="main.cpp">
      <Filter>Source Files</Filter>
    </ClCompile>
    <ClCompile Include="mdport.cpp">
      <Filter>Source Files</Filter>
    </ClCompile>
    <ClCompile Include="misc.cpp">
      <Filter>Source Files</Filter>
    </ClCompile>
    <ClCompile Include="monsters.cpp">
      <Filter>Source Files</Filter>
    </ClCompile>
    <ClCompile Include="move.cpp">
      <Filter>Source Files</Filter>
    </ClCompile>
    <ClCompile Include="new_level.cpp">
      <Filter>Source Files</Filter>
    </ClCompile>
    <ClCompile Include="options.cpp">
      <Filter>Source Files</Filter>
    </ClCompile>
    <ClCompile Include="pack.cpp">
      <Filter>Source Files</Filter>
    </ClCompile>
    <ClCompile Include="passages.cpp">
      <Filter>Source Files</Filter>
    </ClCompile>
    <ClCompile Include="potions.cpp">
      <Filter>Source Files</Filter>
    </ClCompile>
    <ClCompile Include="rings.cpp">
      <Filter>Source Files</Filter>
    </ClCompile>
    <ClCompile Include="rip.cpp">
      <Filter>Source Files</Filter>
    </ClCompile>
    <ClCompile Include="rooms.cpp">
      <Filter>Source Files</Filter>
    </ClCompile>
    <ClCompile Include="save.cpp">
      <Filter>Source Files</Filter>
    </ClCompile>
    <ClCompile Include="scrolls.cpp">
      <Filter>Source Files</Filter>
    </ClCompile>
    <ClCompile Include="state.cpp">
      <Filter>Source Files</Filter>
    </ClCompile>
    <ClCompile Include="sticks.cpp">
      <Filter>Source Files</Filter>
    </ClCompile>
    <ClCompile Include="things.cpp">
      <Filter>Source Files</Filter>
    </ClCompile>
    <ClCompile Include="vers.cpp">
      <Filter>Source Files</Filter>
    </ClCompile>
    <ClCompile Include="weapons.cpp">
      <Filter>Source Files</Filter>
    </ClCompile>
    <ClCompile Include="wizard.cpp">
      <Filter>Source Files</Filter>
    </ClCompile>
    <ClCompile Include="xcrypt.cpp">
      <Filter>Source Files</Filter>
    </ClCompile>
  </ItemGroup>
  <ItemGroup>
    <ClInclude Include="extern.h">
      <Filter>Header Files</Filter>
    </ClInclude>
    <ClInclude Include="rogue.h">
      <Filter>Header Files</Filter>
    </ClInclude>
    <ClInclude Include="score.h">
      <Filter>Header Files</Filter>
    </ClInclude>
    <ClInclude Include="stubs\curses.h">
      <Filter>Stubs</Filter>
    </ClInclude>
    <ClInclude Include="stubs\term.h">
      <Filter>Stubs</Filter>
    </ClInclude>
  </ItemGroup>
  <ItemGroup>
    <Text Include="LICENSE.TXT">
      <Filter>Resource Files</Filter>
    </Text>
  </ItemGroup>
</Project>